
Microsoft Visual Studio Solution File, Format Version 12.00
# Visual Studio Version 16
VisualStudioVersion = 16.0.31515.178
MinimumVisualStudioVersion = 10.0.40219.1
Project("{9A19103F-16F7-4668-BE54-9A1E7A4F7556}") = "Domain", "src\Domain\Domain.csproj", "{7DC16BC9-CD2F-48E1-877F-C64D94ABD408}"
EndProject
Project("{9A19103F-16F7-4668-BE54-9A1E7A4F7556}") = "Application", "src\Application\Application.csproj", "{A5C9BFFE-962E-415C-B5B4-237F12229F2D}"
EndProject
Project("{9A19103F-16F7-4668-BE54-9A1E7A4F7556}") = "Infrastructure", "src\Infrastructure\Infrastructure.csproj", "{4ECADAC3-6FAC-477F-9B23-39B917B6ED19}"
EndProject
Project("{9A19103F-16F7-4668-BE54-9A1E7A4F7556}") = "CrawlerBlog", "src\CrawlerBlog\CrawlerBlog.csproj", "{7694A54B-99B8-4DA5-9EB7-EE2486AADDA2}"
EndProject
Project("{2150E333-8FDC-42A3-9474-1A3956D46DE8}") = "src", "src", "{06F94449-A249-4F42-89F2-4268E917A5A5}"
EndProject
Project("{2150E333-8FDC-42A3-9474-1A3956D46DE8}") = "test", "test", "{C8CFCA72-B3EC-42C5-B224-3C14366D4BE3}"
EndProject
Project("{FAE04EC0-301F-11D3-BF4B-00C04F79EFBC}") = "CrawlerBlog", "CrawlerBlog\CrawlerBlog.csproj", "{11F93A07-054E-4D26-8DFC-1F36FE46E0E1}"
EndProject
Global
	GlobalSection(SolutionConfigurationPlatforms) = preSolution
		Debug|Any CPU = Debug|Any CPU
		Release|Any CPU = Release|Any CPU
	EndGlobalSection
	GlobalSection(ProjectConfigurationPlatforms) = postSolution
		{7DC16BC9-CD2F-48E1-877F-C64D94ABD408}.Debug|Any CPU.ActiveCfg = Debug|Any CPU
		{7DC16BC9-CD2F-48E1-877F-C64D94ABD408}.Debug|Any CPU.Build.0 = Debug|Any CPU
		{7DC16BC9-CD2F-48E1-877F-C64D94ABD408}.Release|Any CPU.ActiveCfg = Release|Any CPU
		{7DC16BC9-CD2F-48E1-877F-C64D94ABD408}.Release|Any CPU.Build.0 = Release|Any CPU
		{A5C9BFFE-962E-415C-B5B4-237F12229F2D}.Debug|Any CPU.ActiveCfg = Debug|Any CPU
		{A5C9BFFE-962E-415C-B5B4-237F12229F2D}.Debug|Any CPU.Build.0 = Debug|Any CPU
		{A5C9BFFE-962E-415C-B5B4-237F12229F2D}.Release|Any CPU.ActiveCfg = Release|Any CPU
		{A5C9BFFE-962E-415C-B5B4-237F12229F2D}.Release|Any CPU.Build.0 = Release|Any CPU
		{4ECADAC3-6FAC-477F-9B23-39B917B6ED19}.Debug|Any CPU.ActiveCfg = Debug|Any CPU
		{4ECADAC3-6FAC-477F-9B23-39B917B6ED19}.Debug|Any CPU.Build.0 = Debug|Any CPU
		{4ECADAC3-6FAC-477F-9B23-39B917B6ED19}.Release|Any CPU.ActiveCfg = Release|Any CPU
		{4ECADAC3-6FAC-477F-9B23-39B917B6ED19}.Release|Any CPU.Build.0 = Release|Any CPU
		{7694A54B-99B8-4DA5-9EB7-EE2486AADDA2}.Debug|Any CPU.ActiveCfg = Debug|Any CPU
		{7694A54B-99B8-4DA5-9EB7-EE2486AADDA2}.Debug|Any CPU.Build.0 = Debug|Any CPU
		{7694A54B-99B8-4DA5-9EB7-EE2486AADDA2}.Release|Any CPU.ActiveCfg = Release|Any CPU
		{7694A54B-99B8-4DA5-9EB7-EE2486AADDA2}.Release|Any CPU.Build.0 = Release|Any CPU
		{11F93A07-054E-4D26-8DFC-1F36FE46E0E1}.Debug|Any CPU.ActiveCfg = Debug|Any CPU
		{11F93A07-054E-4D26-8DFC-1F36FE46E0E1}.Debug|Any CPU.Build.0 = Debug|Any CPU
		{11F93A07-054E-4D26-8DFC-1F36FE46E0E1}.Release|Any CPU.ActiveCfg = Release|Any CPU
		{11F93A07-054E-4D26-8DFC-1F36FE46E0E1}.Release|Any CPU.Build.0 = Release|Any CPU
	EndGlobalSection
	GlobalSection(SolutionProperties) = preSolution
		HideSolutionNode = FALSE
	EndGlobalSection
	GlobalSection(NestedProjects) = preSolution
		{7DC16BC9-CD2F-48E1-877F-C64D94ABD408} = {06F94449-A249-4F42-89F2-4268E917A5A5}
		{A5C9BFFE-962E-415C-B5B4-237F12229F2D} = {06F94449-A249-4F42-89F2-4268E917A5A5}
		{4ECADAC3-6FAC-477F-9B23-39B917B6ED19} = {06F94449-A249-4F42-89F2-4268E917A5A5}
		{7694A54B-99B8-4DA5-9EB7-EE2486AADDA2} = {06F94449-A249-4F42-89F2-4268E917A5A5}
		{11F93A07-054E-4D26-8DFC-1F36FE46E0E1} = {C8CFCA72-B3EC-42C5-B224-3C14366D4BE3}
	EndGlobalSection
	GlobalSection(ExtensibilityGlobals) = postSolution
		SolutionGuid = {073AB132-6C7B-4EF2-A2AE-2782DDD6AC25}
	EndGlobalSection
EndGlobal
