
Microsoft Visual Studio Solution File, Format Version 12.00
# Visual Studio Version 16
VisualStudioVersion = 16.0.31515.178
MinimumVisualStudioVersion = 10.0.40219.1
Project("{FAE04EC0-301F-11D3-BF4B-00C04F79EFBC}") = "CrawlerBlog", "CrawlerBlog\CrawlerBlog.csproj", "{4E675CA5-9E85-4AAB-8F30-138BEB7A09CA}"
EndProject
Global
	GlobalSection(SolutionConfigurationPlatforms) = preSolution
		Debug|Any CPU = Debug|Any CPU
		Release|Any CPU = Release|Any CPU
	EndGlobalSection
	GlobalSection(ProjectConfigurationPlatforms) = postSolution
		{4E675CA5-9E85-4AAB-8F30-138BEB7A09CA}.Debug|Any CPU.ActiveCfg = Debug|Any CPU
		{4E675CA5-9E85-4AAB-8F30-138BEB7A09CA}.Debug|Any CPU.Build.0 = Debug|Any CPU
		{4E675CA5-9E85-4AAB-8F30-138BEB7A09CA}.Release|Any CPU.ActiveCfg = Release|Any CPU
		{4E675CA5-9E85-4AAB-8F30-138BEB7A09CA}.Release|Any CPU.Build.0 = Release|Any CPU
	EndGlobalSection
	GlobalSection(SolutionProperties) = preSolution
		HideSolutionNode = FALSE
	EndGlobalSection
	GlobalSection(ExtensibilityGlobals) = postSolution
		SolutionGuid = {073AB132-6C7B-4EF2-A2AE-2782DDD6AC25}
	EndGlobalSection
EndGlobal
